
Microsoft Visual Studio Solution File, Format Version 12.00
# Visual Studio Version 16
VisualStudioVersion = 16.0.30804.86
MinimumVisualStudioVersion = 10.0.40219.1
Project("{8BC9CEB8-8B4A-11D0-8D11-00A0C91BC942}") = "HaloMapFileParser", "HaloMapFileParser\HaloMapFileParser.vcxproj", "{6704702F-A37C-4A20-8C08-D5C335F2AA15}"
EndProject
Project("{8BC9CEB8-8B4A-11D0-8D11-00A0C91BC942}") = "AssemblyPluginParser", "AssemblyPluginParser\AssemblyPluginParser.vcxproj", "{72DBF2D4-6702-41EB-836D-12B581645713}"
EndProject
Project("{8BC9CEB8-8B4A-11D0-8D11-00A0C91BC942}") = "TagDefinitions", "TagDefinitions\TagDefinitions.vcxproj", "{1EDE0C89-75F8-455D-8F80-6891A7BC01EC}"
EndProject
Project("{8BC9CEB8-8B4A-11D0-8D11-00A0C91BC942}") = "Reach3Porting", "Reach3Porting\Reach3Porting.vcxproj", "{FA6EA13B-3735-4901-9E87-3E3F23819619}"
EndProject
Project("{8BC9CEB8-8B4A-11D0-8D11-00A0C91BC942}") = "Core", "Core\Core.vcxproj", "{12FE0FF7-5A6F-41DB-B5B9-939F97B1656F}"
EndProject
Global
	GlobalSection(SolutionConfigurationPlatforms) = preSolution
		Debug|x64 = Debug|x64
		Debug|x86 = Debug|x86
		Release|x64 = Release|x64
		Release|x86 = Release|x86
	EndGlobalSection
	GlobalSection(ProjectConfigurationPlatforms) = postSolution
		{6704702F-A37C-4A20-8C08-D5C335F2AA15}.Debug|x64.ActiveCfg = Debug|x64
		{6704702F-A37C-4A20-8C08-D5C335F2AA15}.Debug|x64.Build.0 = Debug|x64
		{6704702F-A37C-4A20-8C08-D5C335F2AA15}.Debug|x86.ActiveCfg = Debug|Win32
		{6704702F-A37C-4A20-8C08-D5C335F2AA15}.Debug|x86.Build.0 = Debug|Win32
		{6704702F-A37C-4A20-8C08-D5C335F2AA15}.Release|x64.ActiveCfg = Release|x64
		{6704702F-A37C-4A20-8C08-D5C335F2AA15}.Release|x64.Build.0 = Release|x64
		{6704702F-A37C-4A20-8C08-D5C335F2AA15}.Release|x86.ActiveCfg = Release|Win32
		{6704702F-A37C-4A20-8C08-D5C335F2AA15}.Release|x86.Build.0 = Release|Win32
		{72DBF2D4-6702-41EB-836D-12B581645713}.Debug|x64.ActiveCfg = Debug|x64
		{72DBF2D4-6702-41EB-836D-12B581645713}.Debug|x64.Build.0 = Debug|x64
		{72DBF2D4-6702-41EB-836D-12B581645713}.Debug|x86.ActiveCfg = Debug|Win32
		{72DBF2D4-6702-41EB-836D-12B581645713}.Debug|x86.Build.0 = Debug|Win32
		{72DBF2D4-6702-41EB-836D-12B581645713}.Release|x64.ActiveCfg = Release|x64
		{72DBF2D4-6702-41EB-836D-12B581645713}.Release|x64.Build.0 = Release|x64
		{72DBF2D4-6702-41EB-836D-12B581645713}.Release|x86.ActiveCfg = Release|Win32
		{72DBF2D4-6702-41EB-836D-12B581645713}.Release|x86.Build.0 = Release|Win32
		{1EDE0C89-75F8-455D-8F80-6891A7BC01EC}.Debug|x64.ActiveCfg = Debug|x64
		{1EDE0C89-75F8-455D-8F80-6891A7BC01EC}.Debug|x64.Build.0 = Debug|x64
		{1EDE0C89-75F8-455D-8F80-6891A7BC01EC}.Debug|x86.ActiveCfg = Debug|Win32
		{1EDE0C89-75F8-455D-8F80-6891A7BC01EC}.Debug|x86.Build.0 = Debug|Win32
		{1EDE0C89-75F8-455D-8F80-6891A7BC01EC}.Release|x64.ActiveCfg = Release|x64
		{1EDE0C89-75F8-455D-8F80-6891A7BC01EC}.Release|x64.Build.0 = Release|x64
		{1EDE0C89-75F8-455D-8F80-6891A7BC01EC}.Release|x86.ActiveCfg = Release|Win32
		{1EDE0C89-75F8-455D-8F80-6891A7BC01EC}.Release|x86.Build.0 = Release|Win32
		{FA6EA13B-3735-4901-9E87-3E3F23819619}.Debug|x64.ActiveCfg = Debug|x64
		{FA6EA13B-3735-4901-9E87-3E3F23819619}.Debug|x64.Build.0 = Debug|x64
		{FA6EA13B-3735-4901-9E87-3E3F23819619}.Debug|x86.ActiveCfg = Debug|Win32
		{FA6EA13B-3735-4901-9E87-3E3F23819619}.Debug|x86.Build.0 = Debug|Win32
		{FA6EA13B-3735-4901-9E87-3E3F23819619}.Release|x64.ActiveCfg = Release|x64
		{FA6EA13B-3735-4901-9E87-3E3F23819619}.Release|x64.Build.0 = Release|x64
		{FA6EA13B-3735-4901-9E87-3E3F23819619}.Release|x86.ActiveCfg = Release|Win32
		{FA6EA13B-3735-4901-9E87-3E3F23819619}.Release|x86.Build.0 = Release|Win32
		{12FE0FF7-5A6F-41DB-B5B9-939F97B1656F}.Debug|x64.ActiveCfg = Debug|x64
		{12FE0FF7-5A6F-41DB-B5B9-939F97B1656F}.Debug|x64.Build.0 = Debug|x64
		{12FE0FF7-5A6F-41DB-B5B9-939F97B1656F}.Debug|x86.ActiveCfg = Debug|Win32
		{12FE0FF7-5A6F-41DB-B5B9-939F97B1656F}.Debug|x86.Build.0 = Debug|Win32
		{12FE0FF7-5A6F-41DB-B5B9-939F97B1656F}.Release|x64.ActiveCfg = Release|x64
		{12FE0FF7-5A6F-41DB-B5B9-939F97B1656F}.Release|x64.Build.0 = Release|x64
		{12FE0FF7-5A6F-41DB-B5B9-939F97B1656F}.Release|x86.ActiveCfg = Release|Win32
		{12FE0FF7-5A6F-41DB-B5B9-939F97B1656F}.Release|x86.Build.0 = Release|Win32
	EndGlobalSection
	GlobalSection(SolutionProperties) = preSolution
		HideSolutionNode = FALSE
	EndGlobalSection
	GlobalSection(ExtensibilityGlobals) = postSolution
		SolutionGuid = {2FF70FFE-ED66-42CF-BDC5-0226023A6F85}
	EndGlobalSection
EndGlobal
