
Microsoft Visual Studio Solution File, Format Version 12.00
# Visual Studio Version 16
VisualStudioVersion = 16.0.30804.86
MinimumVisualStudioVersion = 10.0.40219.1
Project("{8BC9CEB8-8B4A-11D0-8D11-00A0C91BC942}") = "HaloMapFileParser", "HaloMapFileParser\HaloMapFileParser.vcxproj", "{6704702F-A37C-4A20-8C08-D5C335F2AA15}"
EndProject
Project("{8BC9CEB8-8B4A-11D0-8D11-00A0C91BC942}") = "AssemblyPluginParser", "AssemblyPluginParser\AssemblyPluginParser.vcxproj", "{72DBF2D4-6702-41EB-836D-12B581645713}"
EndProject
Project("{8BC9CEB8-8B4A-11D0-8D11-00A0C91BC942}") = "Halo2VistaTagDefinitions", "Halo2VistaTagDefinitions\Halo2VistaTagDefinitions.vcxproj", "{B159F6D1-932E-4FC9-948B-B32DE9D6DCFE}"
EndProject
Global
	GlobalSection(SolutionConfigurationPlatforms) = preSolution
		Debug|x64 = Debug|x64
		Debug|x86 = Debug|x86
		Release|x64 = Release|x64
		Release|x86 = Release|x86
	EndGlobalSection
	GlobalSection(ProjectConfigurationPlatforms) = postSolution
		{6704702F-A37C-4A20-8C08-D5C335F2AA15}.Debug|x64.ActiveCfg = Debug|x64
		{6704702F-A37C-4A20-8C08-D5C335F2AA15}.Debug|x64.Build.0 = Debug|x64
		{6704702F-A37C-4A20-8C08-D5C335F2AA15}.Debug|x86.ActiveCfg = Debug|Win32
		{6704702F-A37C-4A20-8C08-D5C335F2AA15}.Debug|x86.Build.0 = Debug|Win32
		{6704702F-A37C-4A20-8C08-D5C335F2AA15}.Release|x64.ActiveCfg = Release|x64
		{6704702F-A37C-4A20-8C08-D5C335F2AA15}.Release|x64.Build.0 = Release|x64
		{6704702F-A37C-4A20-8C08-D5C335F2AA15}.Release|x86.ActiveCfg = Release|Win32
		{6704702F-A37C-4A20-8C08-D5C335F2AA15}.Release|x86.Build.0 = Release|Win32
		{72DBF2D4-6702-41EB-836D-12B581645713}.Debug|x64.ActiveCfg = Debug|x64
		{72DBF2D4-6702-41EB-836D-12B581645713}.Debug|x64.Build.0 = Debug|x64
		{72DBF2D4-6702-41EB-836D-12B581645713}.Debug|x86.ActiveCfg = Debug|Win32
		{72DBF2D4-6702-41EB-836D-12B581645713}.Debug|x86.Build.0 = Debug|Win32
		{72DBF2D4-6702-41EB-836D-12B581645713}.Release|x64.ActiveCfg = Release|x64
		{72DBF2D4-6702-41EB-836D-12B581645713}.Release|x64.Build.0 = Release|x64
		{72DBF2D4-6702-41EB-836D-12B581645713}.Release|x86.ActiveCfg = Release|Win32
		{72DBF2D4-6702-41EB-836D-12B581645713}.Release|x86.Build.0 = Release|Win32
		{B159F6D1-932E-4FC9-948B-B32DE9D6DCFE}.Debug|x64.ActiveCfg = Debug|x64
		{B159F6D1-932E-4FC9-948B-B32DE9D6DCFE}.Debug|x64.Build.0 = Debug|x64
		{B159F6D1-932E-4FC9-948B-B32DE9D6DCFE}.Debug|x86.ActiveCfg = Debug|Win32
		{B159F6D1-932E-4FC9-948B-B32DE9D6DCFE}.Debug|x86.Build.0 = Debug|Win32
		{B159F6D1-932E-4FC9-948B-B32DE9D6DCFE}.Release|x64.ActiveCfg = Release|x64
		{B159F6D1-932E-4FC9-948B-B32DE9D6DCFE}.Release|x64.Build.0 = Release|x64
		{B159F6D1-932E-4FC9-948B-B32DE9D6DCFE}.Release|x86.ActiveCfg = Release|Win32
		{B159F6D1-932E-4FC9-948B-B32DE9D6DCFE}.Release|x86.Build.0 = Release|Win32
	EndGlobalSection
	GlobalSection(SolutionProperties) = preSolution
		HideSolutionNode = FALSE
	EndGlobalSection
	GlobalSection(ExtensibilityGlobals) = postSolution
		SolutionGuid = {2FF70FFE-ED66-42CF-BDC5-0226023A6F85}
	EndGlobalSection
EndGlobal
