<?xml version="1.0" encoding="utf-8"?>
<Project ToolsVersion="4.0" xmlns="http://schemas.microsoft.com/developer/msbuild/2003">
  <ItemGroup>
    <Filter Include="Source Files">
      <UniqueIdentifier>{4FC737F1-C7A5-4376-A066-2A32D752A2FF}</UniqueIdentifier>
      <Extensions>cpp;c;cc;cxx;c++;cppm;ixx;def;odl;idl;hpj;bat;asm;asmx</Extensions>
    </Filter>
    <Filter Include="Header Files">
      <UniqueIdentifier>{93995380-89BD-4b04-88EB-625FBE52EBFB}</UniqueIdentifier>
      <Extensions>h;hh;hpp;hxx;h++;hm;inl;inc;ipp;xsd</Extensions>
    </Filter>
    <Filter Include="Resource Files">
      <UniqueIdentifier>{67DA6AB6-F800-4c08-8B7A-83BB121AAD01}</UniqueIdentifier>
      <Extensions>rc;ico;cur;bmp;dlg;rc2;rct;bin;rgs;gif;jpg;jpeg;jpe;resx;tiff;tif;png;wav;mfcribbon-ms</Extensions>
    </Filter>
  </ItemGroup>
  <ItemGroup>
    <ClCompile Include="halo_map_parser.cpp">
      <Filter>Source Files</Filter>
    </ClCompile>
    <ClCompile Include="utilities.cpp">
      <Filter>Source Files</Filter>
    </ClCompile>
    <ClCompile Include="halo1ce\halo_1_ce_parser.cpp">
      <Filter>Source Files</Filter>
    </ClCompile>
    <ClCompile Include="halo2vista\halo_2_vista_parser.cpp">
      <Filter>Source Files</Filter>
    </ClCompile>
    <ClCompile Include="halo2vista\tags\definitions\fields\invalid_type_exception.cpp">
      <Filter>Source Files</Filter>
    </ClCompile>
    <ClCompile Include="halo2vista\tags\definitions\fields\tag_def_garbo.cpp">
      <Filter>Source Files</Filter>
    </ClCompile>
    <ClCompile Include="halo2vista\tags\definitions\fields\tag_field.cpp">
      <Filter>Source Files</Filter>
    </ClCompile>
  </ItemGroup>
  <ItemGroup>
    <ClInclude Include="utilities.h">
      <Filter>Header Files</Filter>
    </ClInclude>
    <ClInclude Include="halo1ce\halo_1_ce_parser.h">
      <Filter>Header Files</Filter>
    </ClInclude>
    <ClInclude Include="halo2vista\halo_2_vista_parser.h">
      <Filter>Header Files</Filter>
    </ClInclude>
    <ClInclude Include="halo2vista\tags\definitions\tag_layouts.h">
      <Filter>Header Files</Filter>
    </ClInclude>
    <ClInclude Include="halo2vista\tags\definitions\fields\invalid_type_exception.h">
      <Filter>Header Files</Filter>
    </ClInclude>
    <ClInclude Include="halo2vista\tags\definitions\fields\tag_def_garbo.h">
      <Filter>Header Files</Filter>
    </ClInclude>
    <ClInclude Include="halo2vista\tags\definitions\fields\tag_field.h">
      <Filter>Header Files</Filter>
    </ClInclude>
    <ClInclude Include="halo2vista\tags\definitions\groups\tag_definitions.h">
      <Filter>Header Files</Filter>
    </ClInclude>
    <ClInclude Include="halo2vista\tags\definitions\groups\_____tag.h">
      <Filter>Header Files</Filter>
    </ClInclude>
    <ClInclude Include="halo2vista\tags\definitions\groups\_cen_tag.h">
      <Filter>Header Files</Filter>
    </ClInclude>
    <ClInclude Include="halo2vista\tags\definitions\groups\_eap_tag.h">
      <Filter>Header Files</Filter>
    </ClInclude>
    <ClInclude Include="halo2vista\tags\definitions\groups\_ehi_tag.h">
      <Filter>Header Files</Filter>
    </ClInclude>
    <ClInclude Include="halo2vista\tags\definitions\groups\_fx__tag.h">
      <Filter>Header Files</Filter>
    </ClInclude>
    <ClInclude Include="halo2vista\tags\definitions\groups\_igh_tag.h">
      <Filter>Header Files</Filter>
    </ClInclude>
    <ClInclude Include="halo2vista\tags\definitions\groups\_ipd_tag.h">
      <Filter>Header Files</Filter>
    </ClInclude>
    <ClInclude Include="halo2vista\tags\definitions\groups\_qip_tag.h">
      <Filter>Header Files</Filter>
    </ClInclude>
    <ClInclude Include="halo2vista\tags\definitions\groups\_rea_tag.h">
      <Filter>Header Files</Filter>
    </ClInclude>
    <ClInclude Include="halo2vista\tags\definitions\groups\_sce_tag.h">
      <Filter>Header Files</Filter>
    </ClInclude>
    <ClInclude Include="halo2vista\tags\definitions\groups\adlg_tag.h">
      <Filter>Header Files</Filter>
    </ClInclude>
    <ClInclude Include="halo2vista\tags\definitions\groups\ai___tag.h">
      <Filter>Header Files</Filter>
    </ClInclude>
    <ClInclude Include="halo2vista\tags\definitions\groups\ant!_tag.h">
      <Filter>Header Files</Filter>
    </ClInclude>
    <ClInclude Include="halo2vista\tags\definitions\groups\bipd_tag.h">
      <Filter>Header Files</Filter>
    </ClInclude>
    <ClInclude Include="halo2vista\tags\definitions\groups\bitm_tag.h">
      <Filter>Header Files</Filter>
    </ClInclude>
    <ClInclude Include="halo2vista\tags\definitions\groups\bloc_tag.h">
      <Filter>Header Files</Filter>
    </ClInclude>
    <ClInclude Include="halo2vista\tags\definitions\groups\bsdt_tag.h">
      <Filter>Header Files</Filter>
    </ClInclude>
    <ClInclude Include="halo2vista\tags\definitions\groups\char_tag.h">
      <Filter>Header Files</Filter>
    </ClInclude>
    <ClInclude Include="halo2vista\tags\definitions\groups\cin__tag.h">
      <Filter>Header Files</Filter>
    </ClInclude>
    <ClInclude Include="halo2vista\tags\definitions\groups\clu__tag.h">
      <Filter>Header Files</Filter>
    </ClInclude>
    <ClInclude Include="halo2vista\tags\definitions\groups\clwd_tag.h">
      <Filter>Header Files</Filter>
    </ClInclude>
    <ClInclude Include="halo2vista\tags\definitions\groups\coll_tag.h">
      <Filter>Header Files</Filter>
    </ClInclude>
    <ClInclude Include="halo2vista\tags\definitions\groups\colo_tag.h">
      <Filter>Header Files</Filter>
    </ClInclude>
    <ClInclude Include="halo2vista\tags\definitions\groups\cont_tag.h">
      <Filter>Header Files</Filter>
    </ClInclude>
    <ClInclude Include="halo2vista\tags\definitions\groups\crea_tag.h">
      <Filter>Header Files</Filter>
    </ClInclude>
    <ClInclude Include="halo2vista\tags\definitions\groups\ctrl_tag.h">
      <Filter>Header Files</Filter>
    </ClInclude>
    <ClInclude Include="halo2vista\tags\definitions\groups\dc_s_tag.h">
      <Filter>Header Files</Filter>
    </ClInclude>
    <ClInclude Include="halo2vista\tags\definitions\groups\dec__tag.h">
      <Filter>Header Files</Filter>
    </ClInclude>
    <ClInclude Include="halo2vista\tags\definitions\groups\deca_tag.h">
      <Filter>Header Files</Filter>
    </ClInclude>
    <ClInclude Include="halo2vista\tags\definitions\groups\DECR_tag.h">
      <Filter>Header Files</Filter>
    </ClInclude>
    <ClInclude Include="halo2vista\tags\definitions\groups\dgr__tag.h">
      <Filter>Header Files</Filter>
    </ClInclude>
    <ClInclude Include="halo2vista\tags\definitions\groups\effe_tag.h">
      <Filter>Header Files</Filter>
    </ClInclude>
    <ClInclude Include="halo2vista\tags\definitions\groups\egor_tag.h">
      <Filter>Header Files</Filter>
    </ClInclude>
    <ClInclude Include="halo2vista\tags\definitions\groups\eqip_tag.h">
      <Filter>Header Files</Filter>
    </ClInclude>
    <ClInclude Include="halo2vista\tags\definitions\groups\fog_tag.h">
      <Filter>Header Files</Filter>
    </ClInclude>
    <ClInclude Include="halo2vista\tags\definitions\groups\foot_tag.h">
      <Filter>Header Files</Filter>
    </ClInclude>
    <ClInclude Include="halo2vista\tags\definitions\groups\fpch_tag.h">
      <Filter>Header Files</Filter>
    </ClInclude>
    <ClInclude Include="halo2vista\tags\definitions\groups\garb_tag.h">
      <Filter>Header Files</Filter>
    </ClInclude>
    <ClInclude Include="halo2vista\tags\definitions\groups\gldf_tag.h">
      <Filter>Header Files</Filter>
    </ClInclude>
    <ClInclude Include="halo2vista\tags\definitions\groups\goof_tag.h">
      <Filter>Header Files</Filter>
    </ClInclude>
    <ClInclude Include="halo2vista\tags\definitions\groups\hlmt_tag.h">
      <Filter>Header Files</Filter>
    </ClInclude>
    <ClInclude Include="halo2vista\tags\definitions\groups\hsc__tag.h">
      <Filter>Header Files</Filter>
    </ClInclude>
    <ClInclude Include="halo2vista\tags\definitions\groups\hudg_tag.h">
      <Filter>Header Files</Filter>
    </ClInclude>
    <ClInclude Include="halo2vista\tags\definitions\groups\itmc_tag.h">
      <Filter>Header Files</Filter>
    </ClInclude>
    <ClInclude Include="halo2vista\tags\definitions\groups\jmad_tag.h">
      <Filter>Header Files</Filter>
    </ClInclude>
    <ClInclude Include="halo2vista\tags\definitions\groups\jpt!_tag.h">
      <Filter>Header Files</Filter>
    </ClInclude>
    <ClInclude Include="halo2vista\tags\definitions\groups\lens_tag.h">
      <Filter>Header Files</Filter>
    </ClInclude>
    <ClInclude Include="halo2vista\tags\definitions\groups\lifi_tag.h">
      <Filter>Header Files</Filter>
    </ClInclude>
    <ClInclude Include="halo2vista\tags\definitions\groups\ligh_tag.h">
      <Filter>Header Files</Filter>
    </ClInclude>
    <ClInclude Include="halo2vista\tags\definitions\groups\lsnd_tag.h">
      <Filter>Header Files</Filter>
    </ClInclude>
    <ClInclude Include="halo2vista\tags\definitions\groups\ltmp_tag.h">
      <Filter>Header Files</Filter>
    </ClInclude>
    <ClInclude Include="halo2vista\tags\definitions\groups\mach_tag.h">
      <Filter>Header Files</Filter>
    </ClInclude>
    <ClInclude Include="halo2vista\tags\definitions\groups\matg_tag.h">
      <Filter>Header Files</Filter>
    </ClInclude>
    <ClInclude Include="halo2vista\tags\definitions\groups\mcsr_tag.h">
      <Filter>Header Files</Filter>
    </ClInclude>
    <ClInclude Include="halo2vista\tags\definitions\groups\mdlg_tag.h">
      <Filter>Header Files</Filter>
    </ClInclude>
    <ClInclude Include="halo2vista\tags\definitions\groups\MGS2_tag.h">
      <Filter>Header Files</Filter>
    </ClInclude>
    <ClInclude Include="halo2vista\tags\definitions\groups\mode_tag.h">
      <Filter>Header Files</Filter>
    </ClInclude>
    <ClInclude Include="halo2vista\tags\definitions\groups\mulg_tag.h">
      <Filter>Header Files</Filter>
    </ClInclude>
    <ClInclude Include="halo2vista\tags\definitions\groups\nhdt_tag.h">
      <Filter>Header Files</Filter>
    </ClInclude>
    <ClInclude Include="halo2vista\tags\definitions\groups\phmo_tag.h">
      <Filter>Header Files</Filter>
    </ClInclude>
    <ClInclude Include="halo2vista\tags\definitions\groups\phys_tag.h">
      <Filter>Header Files</Filter>
    </ClInclude>
    <ClInclude Include="halo2vista\tags\definitions\groups\pmov_tag.h">
      <Filter>Header Files</Filter>
    </ClInclude>
    <ClInclude Include="halo2vista\tags\definitions\groups\pphy_tag.h">
      <Filter>Header Files</Filter>
    </ClInclude>
    <ClInclude Include="halo2vista\tags\definitions\groups\proj_tag.h">
      <Filter>Header Files</Filter>
    </ClInclude>
    <ClInclude Include="halo2vista\tags\definitions\groups\prt3_tag.h">
      <Filter>Header Files</Filter>
    </ClInclude>
    <ClInclude Include="halo2vista\tags\definitions\groups\PRTM_tag.h">
      <Filter>Header Files</Filter>
    </ClInclude>
    <ClInclude Include="halo2vista\tags\definitions\groups\sbsp_tag.h">
      <Filter>Header Files</Filter>
    </ClInclude>
    <ClInclude Include="halo2vista\tags\definitions\groups\scen_tag.h">
      <Filter>Header Files</Filter>
    </ClInclude>
    <ClInclude Include="halo2vista\tags\definitions\groups\scnr_tag.h">
      <Filter>Header Files</Filter>
    </ClInclude>
    <ClInclude Include="halo2vista\tags\definitions\groups\sfx+_tag.h">
      <Filter>Header Files</Filter>
    </ClInclude>
    <ClInclude Include="halo2vista\tags\definitions\groups\shad_tag.h">
      <Filter>Header Files</Filter>
    </ClInclude>
    <ClInclude Include="halo2vista\tags\definitions\groups\sily_tag.h">
      <Filter>Header Files</Filter>
    </ClInclude>
    <ClInclude Include="halo2vista\tags\definitions\groups\skin_tag.h">
      <Filter>Header Files</Filter>
    </ClInclude>
    <ClInclude Include="halo2vista\tags\definitions\groups\sky_tag.h">
      <Filter>Header Files</Filter>
    </ClInclude>
    <ClInclude Include="halo2vista\tags\definitions\groups\sncl_tag.h">
      <Filter>Header Files</Filter>
    </ClInclude>
    <ClInclude Include="halo2vista\tags\definitions\groups\snd!_tag.h">
      <Filter>Header Files</Filter>
    </ClInclude>
    <ClInclude Include="halo2vista\tags\definitions\groups\snde_tag.h">
      <Filter>Header Files</Filter>
    </ClInclude>
    <ClInclude Include="halo2vista\tags\definitions\groups\snmx_tag.h">
      <Filter>Header Files</Filter>
    </ClInclude>
    <ClInclude Include="halo2vista\tags\definitions\groups\spas_tag.h">
      <Filter>Header Files</Filter>
    </ClInclude>
    <ClInclude Include="halo2vista\tags\definitions\groups\spk!_tag.h">
      <Filter>Header Files</Filter>
    </ClInclude>
    <ClInclude Include="halo2vista\tags\definitions\groups\ssce_tag.h">
      <Filter>Header Files</Filter>
    </ClInclude>
    <ClInclude Include="halo2vista\tags\definitions\groups\sslt_tag.h">
      <Filter>Header Files</Filter>
    </ClInclude>
    <ClInclude Include="halo2vista\tags\definitions\groups\stem_tag.h">
      <Filter>Header Files</Filter>
    </ClInclude>
    <ClInclude Include="halo2vista\tags\definitions\groups\styl_tag.h">
      <Filter>Header Files</Filter>
    </ClInclude>
    <ClInclude Include="halo2vista\tags\definitions\groups\tdtl_tag.h">
      <Filter>Header Files</Filter>
    </ClInclude>
    <ClInclude Include="halo2vista\tags\definitions\groups\trak_tag.h">
      <Filter>Header Files</Filter>
    </ClInclude>
    <ClInclude Include="halo2vista\tags\definitions\groups\trg__tag.h">
      <Filter>Header Files</Filter>
    </ClInclude>
    <ClInclude Include="halo2vista\tags\definitions\groups\udlg_tag.h">
      <Filter>Header Files</Filter>
    </ClInclude>
    <ClInclude Include="halo2vista\tags\definitions\groups\ugh!_tag.h">
      <Filter>Header Files</Filter>
    </ClInclude>
    <ClInclude Include="halo2vista\tags\definitions\groups\unic_tag.h">
      <Filter>Header Files</Filter>
    </ClInclude>
    <ClInclude Include="halo2vista\tags\definitions\groups\vehc_tag.h">
      <Filter>Header Files</Filter>
    </ClInclude>
    <ClInclude Include="halo2vista\tags\definitions\groups\vehi_tag.h">
      <Filter>Header Files</Filter>
    </ClInclude>
    <ClInclude Include="halo2vista\tags\definitions\groups\vrtx_tag.h">
      <Filter>Header Files</Filter>
    </ClInclude>
    <ClInclude Include="halo2vista\tags\definitions\groups\weap_tag.h">
      <Filter>Header Files</Filter>
    </ClInclude>
    <ClInclude Include="halo2vista\tags\definitions\groups\weat_tag.h">
      <Filter>Header Files</Filter>
    </ClInclude>
    <ClInclude Include="halo2vista\tags\definitions\groups\wgit_tag.h">
      <Filter>Header Files</Filter>
    </ClInclude>
    <ClInclude Include="halo2vista\tags\definitions\groups\wgtz_tag.h">
      <Filter>Header Files</Filter>
    </ClInclude>
    <ClInclude Include="halo2vista\tags\definitions\groups\wigl_tag.h">
      <Filter>Header Files</Filter>
    </ClInclude>
  </ItemGroup>
</Project>