<?xml version="1.0" encoding="utf-8"?>
<Project ToolsVersion="4.0" xmlns="http://schemas.microsoft.com/developer/msbuild/2003">
  <ItemGroup>
    <Filter Include="Source Files">
      <UniqueIdentifier>{4FC737F1-C7A5-4376-A066-2A32D752A2FF}</UniqueIdentifier>
      <Extensions>cpp;c;cc;cxx;c++;cppm;ixx;def;odl;idl;hpj;bat;asm;asmx</Extensions>
    </Filter>
    <Filter Include="Header Files">
      <UniqueIdentifier>{93995380-89BD-4b04-88EB-625FBE52EBFB}</UniqueIdentifier>
      <Extensions>h;hh;hpp;hxx;h++;hm;inl;inc;ipp;xsd</Extensions>
    </Filter>
    <Filter Include="Resource Files">
      <UniqueIdentifier>{67DA6AB6-F800-4c08-8B7A-83BB121AAD01}</UniqueIdentifier>
      <Extensions>rc;ico;cur;bmp;dlg;rc2;rct;bin;rgs;gif;jpg;jpeg;jpe;resx;tiff;tif;png;wav;mfcribbon-ms</Extensions>
    </Filter>
  </ItemGroup>
  <ItemGroup>
    <ClInclude Include="framework.h">
      <Filter>Header Files</Filter>
    </ClInclude>
    <ClInclude Include="pch.h">
      <Filter>Header Files</Filter>
    </ClInclude>
    <ClInclude Include="groups\tag_definitions.h">
      <Filter>Header Files</Filter>
    </ClInclude>
    <ClInclude Include="types.h">
      <Filter>Header Files</Filter>
    </ClInclude>
    <ClInclude Include="halo2vista\structures.h">
      <Filter>Header Files</Filter>
    </ClInclude>
    <ClInclude Include="halo2vista\groups\_____tag.h">
      <Filter>Header Files</Filter>
    </ClInclude>
    <ClInclude Include="halo2vista\groups\_cen_tag.h">
      <Filter>Header Files</Filter>
    </ClInclude>
    <ClInclude Include="halo2vista\groups\_eap_tag.h">
      <Filter>Header Files</Filter>
    </ClInclude>
    <ClInclude Include="halo2vista\groups\_ehi_tag.h">
      <Filter>Header Files</Filter>
    </ClInclude>
    <ClInclude Include="halo2vista\groups\_fx__tag.h">
      <Filter>Header Files</Filter>
    </ClInclude>
    <ClInclude Include="halo2vista\groups\_igh_tag.h">
      <Filter>Header Files</Filter>
    </ClInclude>
    <ClInclude Include="halo2vista\groups\_ipd_tag.h">
      <Filter>Header Files</Filter>
    </ClInclude>
    <ClInclude Include="halo2vista\groups\_qip_tag.h">
      <Filter>Header Files</Filter>
    </ClInclude>
    <ClInclude Include="halo2vista\groups\_rea_tag.h">
      <Filter>Header Files</Filter>
    </ClInclude>
    <ClInclude Include="halo2vista\groups\_sce_tag.h">
      <Filter>Header Files</Filter>
    </ClInclude>
    <ClInclude Include="halo2vista\groups\adlg_tag.h">
      <Filter>Header Files</Filter>
    </ClInclude>
    <ClInclude Include="halo2vista\groups\ai___tag.h">
      <Filter>Header Files</Filter>
    </ClInclude>
    <ClInclude Include="halo2vista\groups\ant!_tag.h">
      <Filter>Header Files</Filter>
    </ClInclude>
    <ClInclude Include="halo2vista\groups\bipd_tag.h">
      <Filter>Header Files</Filter>
    </ClInclude>
    <ClInclude Include="halo2vista\groups\bitm_tag.h">
      <Filter>Header Files</Filter>
    </ClInclude>
    <ClInclude Include="halo2vista\groups\bloc_tag.h">
      <Filter>Header Files</Filter>
    </ClInclude>
    <ClInclude Include="halo2vista\groups\bsdt_tag.h">
      <Filter>Header Files</Filter>
    </ClInclude>
    <ClInclude Include="halo2vista\groups\char_tag.h">
      <Filter>Header Files</Filter>
    </ClInclude>
    <ClInclude Include="halo2vista\groups\cin__tag.h">
      <Filter>Header Files</Filter>
    </ClInclude>
    <ClInclude Include="halo2vista\groups\clu__tag.h">
      <Filter>Header Files</Filter>
    </ClInclude>
    <ClInclude Include="halo2vista\groups\clwd_tag.h">
      <Filter>Header Files</Filter>
    </ClInclude>
    <ClInclude Include="halo2vista\groups\coll_tag.h">
      <Filter>Header Files</Filter>
    </ClInclude>
    <ClInclude Include="halo2vista\groups\colo_tag.h">
      <Filter>Header Files</Filter>
    </ClInclude>
    <ClInclude Include="halo2vista\groups\cont_tag.h">
      <Filter>Header Files</Filter>
    </ClInclude>
    <ClInclude Include="halo2vista\groups\crea_tag.h">
      <Filter>Header Files</Filter>
    </ClInclude>
    <ClInclude Include="halo2vista\groups\ctrl_tag.h">
      <Filter>Header Files</Filter>
    </ClInclude>
    <ClInclude Include="halo2vista\groups\dc_s_tag.h">
      <Filter>Header Files</Filter>
    </ClInclude>
    <ClInclude Include="halo2vista\groups\dec__tag.h">
      <Filter>Header Files</Filter>
    </ClInclude>
    <ClInclude Include="halo2vista\groups\deca_tag.h">
      <Filter>Header Files</Filter>
    </ClInclude>
    <ClInclude Include="halo2vista\groups\DECR_tag.h">
      <Filter>Header Files</Filter>
    </ClInclude>
    <ClInclude Include="halo2vista\groups\dgr__tag.h">
      <Filter>Header Files</Filter>
    </ClInclude>
    <ClInclude Include="halo2vista\groups\effe_tag.h">
      <Filter>Header Files</Filter>
    </ClInclude>
    <ClInclude Include="halo2vista\groups\egor_tag.h">
      <Filter>Header Files</Filter>
    </ClInclude>
    <ClInclude Include="halo2vista\groups\eqip_tag.h">
      <Filter>Header Files</Filter>
    </ClInclude>
    <ClInclude Include="halo2vista\groups\fog_tag.h">
      <Filter>Header Files</Filter>
    </ClInclude>
    <ClInclude Include="halo2vista\groups\foot_tag.h">
      <Filter>Header Files</Filter>
    </ClInclude>
    <ClInclude Include="halo2vista\groups\fpch_tag.h">
      <Filter>Header Files</Filter>
    </ClInclude>
    <ClInclude Include="halo2vista\groups\garb_tag.h">
      <Filter>Header Files</Filter>
    </ClInclude>
    <ClInclude Include="halo2vista\groups\gldf_tag.h">
      <Filter>Header Files</Filter>
    </ClInclude>
    <ClInclude Include="halo2vista\groups\goof_tag.h">
      <Filter>Header Files</Filter>
    </ClInclude>
    <ClInclude Include="halo2vista\groups\hlmt_tag.h">
      <Filter>Header Files</Filter>
    </ClInclude>
    <ClInclude Include="halo2vista\groups\hsc__tag.h">
      <Filter>Header Files</Filter>
    </ClInclude>
    <ClInclude Include="halo2vista\groups\hudg_tag.h">
      <Filter>Header Files</Filter>
    </ClInclude>
    <ClInclude Include="halo2vista\groups\itmc_tag.h">
      <Filter>Header Files</Filter>
    </ClInclude>
    <ClInclude Include="halo2vista\groups\jmad_tag.h">
      <Filter>Header Files</Filter>
    </ClInclude>
    <ClInclude Include="halo2vista\groups\jpt!_tag.h">
      <Filter>Header Files</Filter>
    </ClInclude>
    <ClInclude Include="halo2vista\groups\lens_tag.h">
      <Filter>Header Files</Filter>
    </ClInclude>
    <ClInclude Include="halo2vista\groups\lifi_tag.h">
      <Filter>Header Files</Filter>
    </ClInclude>
    <ClInclude Include="halo2vista\groups\ligh_tag.h">
      <Filter>Header Files</Filter>
    </ClInclude>
    <ClInclude Include="halo2vista\groups\lsnd_tag.h">
      <Filter>Header Files</Filter>
    </ClInclude>
    <ClInclude Include="halo2vista\groups\ltmp_tag.h">
      <Filter>Header Files</Filter>
    </ClInclude>
    <ClInclude Include="halo2vista\groups\mach_tag.h">
      <Filter>Header Files</Filter>
    </ClInclude>
    <ClInclude Include="halo2vista\groups\matg_tag.h">
      <Filter>Header Files</Filter>
    </ClInclude>
    <ClInclude Include="halo2vista\groups\mcsr_tag.h">
      <Filter>Header Files</Filter>
    </ClInclude>
    <ClInclude Include="halo2vista\groups\mdlg_tag.h">
      <Filter>Header Files</Filter>
    </ClInclude>
    <ClInclude Include="halo2vista\groups\MGS2_tag.h">
      <Filter>Header Files</Filter>
    </ClInclude>
    <ClInclude Include="halo2vista\groups\mode_tag.h">
      <Filter>Header Files</Filter>
    </ClInclude>
    <ClInclude Include="halo2vista\groups\mulg_tag.h">
      <Filter>Header Files</Filter>
    </ClInclude>
    <ClInclude Include="halo2vista\groups\nhdt_tag.h">
      <Filter>Header Files</Filter>
    </ClInclude>
    <ClInclude Include="halo2vista\groups\phmo_tag.h">
      <Filter>Header Files</Filter>
    </ClInclude>
    <ClInclude Include="halo2vista\groups\phys_tag.h">
      <Filter>Header Files</Filter>
    </ClInclude>
    <ClInclude Include="halo2vista\groups\pmov_tag.h">
      <Filter>Header Files</Filter>
    </ClInclude>
    <ClInclude Include="halo2vista\groups\pphy_tag.h">
      <Filter>Header Files</Filter>
    </ClInclude>
    <ClInclude Include="halo2vista\groups\proj_tag.h">
      <Filter>Header Files</Filter>
    </ClInclude>
    <ClInclude Include="halo2vista\groups\prt3_tag.h">
      <Filter>Header Files</Filter>
    </ClInclude>
    <ClInclude Include="halo2vista\groups\PRTM_tag.h">
      <Filter>Header Files</Filter>
    </ClInclude>
    <ClInclude Include="halo2vista\groups\sbsp_tag.h">
      <Filter>Header Files</Filter>
    </ClInclude>
    <ClInclude Include="halo2vista\groups\scen_tag.h">
      <Filter>Header Files</Filter>
    </ClInclude>
    <ClInclude Include="halo2vista\groups\scnr_tag.h">
      <Filter>Header Files</Filter>
    </ClInclude>
    <ClInclude Include="halo2vista\groups\sfx+_tag.h">
      <Filter>Header Files</Filter>
    </ClInclude>
    <ClInclude Include="halo2vista\groups\shad_tag.h">
      <Filter>Header Files</Filter>
    </ClInclude>
    <ClInclude Include="halo2vista\groups\sily_tag.h">
      <Filter>Header Files</Filter>
    </ClInclude>
    <ClInclude Include="halo2vista\groups\skin_tag.h">
      <Filter>Header Files</Filter>
    </ClInclude>
    <ClInclude Include="halo2vista\groups\sky_tag.h">
      <Filter>Header Files</Filter>
    </ClInclude>
    <ClInclude Include="halo2vista\groups\sncl_tag.h">
      <Filter>Header Files</Filter>
    </ClInclude>
    <ClInclude Include="halo2vista\groups\snd!_tag.h">
      <Filter>Header Files</Filter>
    </ClInclude>
    <ClInclude Include="halo2vista\groups\snde_tag.h">
      <Filter>Header Files</Filter>
    </ClInclude>
    <ClInclude Include="halo2vista\groups\snmx_tag.h">
      <Filter>Header Files</Filter>
    </ClInclude>
    <ClInclude Include="halo2vista\groups\spas_tag.h">
      <Filter>Header Files</Filter>
    </ClInclude>
    <ClInclude Include="halo2vista\groups\spk!_tag.h">
      <Filter>Header Files</Filter>
    </ClInclude>
    <ClInclude Include="halo2vista\groups\ssce_tag.h">
      <Filter>Header Files</Filter>
    </ClInclude>
    <ClInclude Include="halo2vista\groups\sslt_tag.h">
      <Filter>Header Files</Filter>
    </ClInclude>
    <ClInclude Include="halo2vista\groups\stem_tag.h">
      <Filter>Header Files</Filter>
    </ClInclude>
    <ClInclude Include="halo2vista\groups\styl_tag.h">
      <Filter>Header Files</Filter>
    </ClInclude>
    <ClInclude Include="halo2vista\groups\tag_definitions.h">
      <Filter>Header Files</Filter>
    </ClInclude>
    <ClInclude Include="halo2vista\groups\tdtl_tag.h">
      <Filter>Header Files</Filter>
    </ClInclude>
    <ClInclude Include="halo2vista\groups\trak_tag.h">
      <Filter>Header Files</Filter>
    </ClInclude>
    <ClInclude Include="halo2vista\groups\trg__tag.h">
      <Filter>Header Files</Filter>
    </ClInclude>
    <ClInclude Include="halo2vista\groups\udlg_tag.h">
      <Filter>Header Files</Filter>
    </ClInclude>
    <ClInclude Include="halo2vista\groups\ugh!_tag.h">
      <Filter>Header Files</Filter>
    </ClInclude>
    <ClInclude Include="halo2vista\groups\unic_tag.h">
      <Filter>Header Files</Filter>
    </ClInclude>
    <ClInclude Include="halo2vista\groups\vehc_tag.h">
      <Filter>Header Files</Filter>
    </ClInclude>
    <ClInclude Include="halo2vista\groups\vehi_tag.h">
      <Filter>Header Files</Filter>
    </ClInclude>
    <ClInclude Include="halo2vista\groups\vrtx_tag.h">
      <Filter>Header Files</Filter>
    </ClInclude>
    <ClInclude Include="halo2vista\groups\weap_tag.h">
      <Filter>Header Files</Filter>
    </ClInclude>
    <ClInclude Include="halo2vista\groups\weat_tag.h">
      <Filter>Header Files</Filter>
    </ClInclude>
    <ClInclude Include="halo2vista\groups\wgit_tag.h">
      <Filter>Header Files</Filter>
    </ClInclude>
    <ClInclude Include="halo2vista\groups\wgtz_tag.h">
      <Filter>Header Files</Filter>
    </ClInclude>
    <ClInclude Include="halo2vista\groups\wigl_tag.h">
      <Filter>Header Files</Filter>
    </ClInclude>
  </ItemGroup>
  <ItemGroup>
    <ClCompile Include="Halo2VistaTagDefinitions.cpp">
      <Filter>Source Files</Filter>
    </ClCompile>
    <ClCompile Include="pch.cpp">
      <Filter>Source Files</Filter>
    </ClCompile>
  </ItemGroup>
</Project>